
Microsoft Visual Studio Solution File, Format Version 12.00
# Visual Studio Version 17
VisualStudioVersion = 17.1.32228.430
MinimumVisualStudioVersion = 10.0.40219.1
Project("{00D1A9C2-B5F0-4AF3-8072-F6C62B433612}") = "HRSuite.DB", "HRSuite.DB\HRSuite.DB.sqlproj", "{58E49374-108E-4D7D-AFEE-6B1567DD5434}"
EndProject
Project("{2150E333-8FDC-42A3-9474-1A3956D46DE8}") = "Database", "Database", "{86A3C4B8-EBA5-46DC-9975-2F4917B41288}"
EndProject
Project("{2150E333-8FDC-42A3-9474-1A3956D46DE8}") = "Libraries", "Libraries", "{D39EA0F7-D2FE-4599-872F-10C0FD92F751}"
EndProject
Project("{2150E333-8FDC-42A3-9474-1A3956D46DE8}") = "Modules", "Modules", "{7C93C06A-5D06-42CF-853E-2DA01B45D7C1}"
EndProject
Project("{2150E333-8FDC-42A3-9474-1A3956D46DE8}") = "UI", "UI", "{94CDC6E6-5867-4BD8-B7EE-67F1874F707D}"
EndProject
Project("{9A19103F-16F7-4668-BE54-9A1E7A4F7556}") = "HRSuite.Core", "HRSuite.Core\HRSuite.Core.csproj", "{ACB2BF30-5900-488F-ABA7-A2110848F2A1}"
EndProject
Project("{FAE04EC0-301F-11D3-BF4B-00C04F79EFBC}") = "About.Module", "About.Module\About.Module.csproj", "{0B552280-82BF-49AC-B049-5BD38C337050}"
EndProject
Project("{FAE04EC0-301F-11D3-BF4B-00C04F79EFBC}") = "Codes.Module", "Codes.Module\Codes.Module.csproj", "{6A49452F-8A85-487D-89EF-EDB291B399D2}"
EndProject
Project("{FAE04EC0-301F-11D3-BF4B-00C04F79EFBC}") = "Employee.Module", "Employee.Module\Employee.Module.csproj", "{C564660A-719F-484F-9E51-27B5A50A67F4}"
EndProject
Project("{FAE04EC0-301F-11D3-BF4B-00C04F79EFBC}") = "JobCode.Module", "JobCode.Module\JobCode.Module.csproj", "{1ABA3757-39E1-4ED3-B3E5-B60ACA0E2A74}"
EndProject
Project("{FAE04EC0-301F-11D3-BF4B-00C04F79EFBC}") = "Reports.Module", "Reports.Module\Reports.Module.csproj", "{177F3568-7928-4252-A94C-603BE7E66B69}"
EndProject
Project("{FAE04EC0-301F-11D3-BF4B-00C04F79EFBC}") = "Requisition.Module", "Requisition.Module\Requisition.Module.csproj", "{93B3F4AC-2429-467C-A4CF-BB9B2AFC4D79}"
EndProject
Project("{FAE04EC0-301F-11D3-BF4B-00C04F79EFBC}") = "HRSuite", "HRSuite\HRSuite.csproj", "{9838E0C3-19C5-454B-918E-5DDCBF9C08DC}"
EndProject
Global
	GlobalSection(SolutionConfigurationPlatforms) = preSolution
		Debug|Any CPU = Debug|Any CPU
		Release|Any CPU = Release|Any CPU
	EndGlobalSection
	GlobalSection(ProjectConfigurationPlatforms) = postSolution
		{58E49374-108E-4D7D-AFEE-6B1567DD5434}.Debug|Any CPU.ActiveCfg = Debug|Any CPU
		{58E49374-108E-4D7D-AFEE-6B1567DD5434}.Debug|Any CPU.Build.0 = Debug|Any CPU
		{58E49374-108E-4D7D-AFEE-6B1567DD5434}.Debug|Any CPU.Deploy.0 = Debug|Any CPU
		{58E49374-108E-4D7D-AFEE-6B1567DD5434}.Release|Any CPU.ActiveCfg = Release|Any CPU
		{58E49374-108E-4D7D-AFEE-6B1567DD5434}.Release|Any CPU.Build.0 = Release|Any CPU
		{58E49374-108E-4D7D-AFEE-6B1567DD5434}.Release|Any CPU.Deploy.0 = Release|Any CPU
		{ACB2BF30-5900-488F-ABA7-A2110848F2A1}.Debug|Any CPU.ActiveCfg = Debug|Any CPU
		{ACB2BF30-5900-488F-ABA7-A2110848F2A1}.Debug|Any CPU.Build.0 = Debug|Any CPU
		{ACB2BF30-5900-488F-ABA7-A2110848F2A1}.Release|Any CPU.ActiveCfg = Release|Any CPU
		{ACB2BF30-5900-488F-ABA7-A2110848F2A1}.Release|Any CPU.Build.0 = Release|Any CPU
		{0B552280-82BF-49AC-B049-5BD38C337050}.Debug|Any CPU.ActiveCfg = Debug|Any CPU
		{0B552280-82BF-49AC-B049-5BD38C337050}.Debug|Any CPU.Build.0 = Debug|Any CPU
		{0B552280-82BF-49AC-B049-5BD38C337050}.Release|Any CPU.ActiveCfg = Release|Any CPU
		{0B552280-82BF-49AC-B049-5BD38C337050}.Release|Any CPU.Build.0 = Release|Any CPU
		{6A49452F-8A85-487D-89EF-EDB291B399D2}.Debug|Any CPU.ActiveCfg = Debug|Any CPU
		{6A49452F-8A85-487D-89EF-EDB291B399D2}.Debug|Any CPU.Build.0 = Debug|Any CPU
		{6A49452F-8A85-487D-89EF-EDB291B399D2}.Release|Any CPU.ActiveCfg = Release|Any CPU
		{6A49452F-8A85-487D-89EF-EDB291B399D2}.Release|Any CPU.Build.0 = Release|Any CPU
		{C564660A-719F-484F-9E51-27B5A50A67F4}.Debug|Any CPU.ActiveCfg = Debug|Any CPU
		{C564660A-719F-484F-9E51-27B5A50A67F4}.Debug|Any CPU.Build.0 = Debug|Any CPU
		{C564660A-719F-484F-9E51-27B5A50A67F4}.Release|Any CPU.ActiveCfg = Release|Any CPU
		{C564660A-719F-484F-9E51-27B5A50A67F4}.Release|Any CPU.Build.0 = Release|Any CPU
		{1ABA3757-39E1-4ED3-B3E5-B60ACA0E2A74}.Debug|Any CPU.ActiveCfg = Debug|Any CPU
		{1ABA3757-39E1-4ED3-B3E5-B60ACA0E2A74}.Debug|Any CPU.Build.0 = Debug|Any CPU
		{1ABA3757-39E1-4ED3-B3E5-B60ACA0E2A74}.Release|Any CPU.ActiveCfg = Release|Any CPU
		{1ABA3757-39E1-4ED3-B3E5-B60ACA0E2A74}.Release|Any CPU.Build.0 = Release|Any CPU
		{177F3568-7928-4252-A94C-603BE7E66B69}.Debug|Any CPU.ActiveCfg = Debug|Any CPU
		{177F3568-7928-4252-A94C-603BE7E66B69}.Debug|Any CPU.Build.0 = Debug|Any CPU
		{177F3568-7928-4252-A94C-603BE7E66B69}.Release|Any CPU.ActiveCfg = Release|Any CPU
		{177F3568-7928-4252-A94C-603BE7E66B69}.Release|Any CPU.Build.0 = Release|Any CPU
		{93B3F4AC-2429-467C-A4CF-BB9B2AFC4D79}.Debug|Any CPU.ActiveCfg = Debug|Any CPU
		{93B3F4AC-2429-467C-A4CF-BB9B2AFC4D79}.Debug|Any CPU.Build.0 = Debug|Any CPU
		{93B3F4AC-2429-467C-A4CF-BB9B2AFC4D79}.Release|Any CPU.ActiveCfg = Release|Any CPU
		{93B3F4AC-2429-467C-A4CF-BB9B2AFC4D79}.Release|Any CPU.Build.0 = Release|Any CPU
		{9838E0C3-19C5-454B-918E-5DDCBF9C08DC}.Debug|Any CPU.ActiveCfg = Debug|Any CPU
		{9838E0C3-19C5-454B-918E-5DDCBF9C08DC}.Debug|Any CPU.Build.0 = Debug|Any CPU
		{9838E0C3-19C5-454B-918E-5DDCBF9C08DC}.Release|Any CPU.ActiveCfg = Release|Any CPU
		{9838E0C3-19C5-454B-918E-5DDCBF9C08DC}.Release|Any CPU.Build.0 = Release|Any CPU
	EndGlobalSection
	GlobalSection(SolutionProperties) = preSolution
		HideSolutionNode = FALSE
	EndGlobalSection
	GlobalSection(NestedProjects) = preSolution
		{58E49374-108E-4D7D-AFEE-6B1567DD5434} = {86A3C4B8-EBA5-46DC-9975-2F4917B41288}
		{ACB2BF30-5900-488F-ABA7-A2110848F2A1} = {D39EA0F7-D2FE-4599-872F-10C0FD92F751}
		{0B552280-82BF-49AC-B049-5BD38C337050} = {7C93C06A-5D06-42CF-853E-2DA01B45D7C1}
		{6A49452F-8A85-487D-89EF-EDB291B399D2} = {7C93C06A-5D06-42CF-853E-2DA01B45D7C1}
		{C564660A-719F-484F-9E51-27B5A50A67F4} = {7C93C06A-5D06-42CF-853E-2DA01B45D7C1}
		{1ABA3757-39E1-4ED3-B3E5-B60ACA0E2A74} = {7C93C06A-5D06-42CF-853E-2DA01B45D7C1}
		{177F3568-7928-4252-A94C-603BE7E66B69} = {7C93C06A-5D06-42CF-853E-2DA01B45D7C1}
		{93B3F4AC-2429-467C-A4CF-BB9B2AFC4D79} = {7C93C06A-5D06-42CF-853E-2DA01B45D7C1}
		{9838E0C3-19C5-454B-918E-5DDCBF9C08DC} = {94CDC6E6-5867-4BD8-B7EE-67F1874F707D}
	EndGlobalSection
	GlobalSection(ExtensibilityGlobals) = postSolution
		SolutionGuid = {B6F7678B-CFB3-4FAA-956C-4304F9DA67B8}
	EndGlobalSection
EndGlobal
